// !$*UTF8*$!
{
	archiveVersion = 1;
	classes = {
	};
	objectVersion = 55;
	objects = {

/* Begin PBXBuildFile section */
		D73D3CA227D9C88000D02C15 /* VehicleList.swift in Sources */ = {isa = PBXBuildFile; fileRef = D73D3CA127D9C88000D02C15 /* VehicleList.swift */; };
		D73D3CA327D9C88000D02C15 /* VehicleList.swift in Sources */ = {isa = PBXBuildFile; fileRef = D73D3CA127D9C88000D02C15 /* VehicleList.swift */; };
		D73D3CA527D9CD3700D02C15 /* VehicleViewModel.swift in Sources */ = {isa = PBXBuildFile; fileRef = D73D3CA427D9CD3700D02C15 /* VehicleViewModel.swift */; };
		D73D3CA627D9CD3700D02C15 /* VehicleViewModel.swift in Sources */ = {isa = PBXBuildFile; fileRef = D73D3CA427D9CD3700D02C15 /* VehicleViewModel.swift */; };
		D73D3CAB27D9F8EE00D02C15 /* WebService.swift in Sources */ = {isa = PBXBuildFile; fileRef = D73D3CAA27D9F8EE00D02C15 /* WebService.swift */; };
		D73D3CAC27D9F8EE00D02C15 /* WebService.swift in Sources */ = {isa = PBXBuildFile; fileRef = D73D3CAA27D9F8EE00D02C15 /* WebService.swift */; };
		D73D3CB427DB47FB00D02C15 /* VehicleListWebServiceTests.swift in Sources */ = {isa = PBXBuildFile; fileRef = D73D3CB327DB47FB00D02C15 /* VehicleListWebServiceTests.swift */; };
		D73D3CB927DB4C1B00D02C15 /* MockURLProtocol.swift in Sources */ = {isa = PBXBuildFile; fileRef = D73D3CB827DB4C1B00D02C15 /* MockURLProtocol.swift */; };
		D73D3CBB27DB647B00D02C15 /* VehicleList.json in Resources */ = {isa = PBXBuildFile; fileRef = D73D3CBA27DB647A00D02C15 /* VehicleList.json */; };
		D73D3CBD27DB682D00D02C15 /* Helper.swift in Sources */ = {isa = PBXBuildFile; fileRef = D73D3CBC27DB682C00D02C15 /* Helper.swift */; };
		D73D3CBF27DB743400D02C15 /* VehicleConstants.swift in Sources */ = {isa = PBXBuildFile; fileRef = D73D3CBE27DB743400D02C15 /* VehicleConstants.swift */; };
		D7CCBF8827D8A0B4006C84C7 /* AppDelegate.swift in Sources */ = {isa = PBXBuildFile; fileRef = D7CCBF8727D8A0B4006C84C7 /* AppDelegate.swift */; };
		D7CCBF8A27D8A0B4006C84C7 /* SceneDelegate.swift in Sources */ = {isa = PBXBuildFile; fileRef = D7CCBF8927D8A0B4006C84C7 /* SceneDelegate.swift */; };
		D7CCBF8F27D8A0B4006C84C7 /* Main.storyboard in Resources */ = {isa = PBXBuildFile; fileRef = D7CCBF8D27D8A0B4006C84C7 /* Main.storyboard */; };
		D7CCBF9227D8A0B4006C84C7 /* VehicleApp.xcdatamodeld in Sources */ = {isa = PBXBuildFile; fileRef = D7CCBF9027D8A0B4006C84C7 /* VehicleApp.xcdatamodeld */; };
		D7CCBF9427D8A0B9006C84C7 /* Assets.xcassets in Resources */ = {isa = PBXBuildFile; fileRef = D7CCBF9327D8A0B9006C84C7 /* Assets.xcassets */; };
		D7CCBF9727D8A0B9006C84C7 /* LaunchScreen.storyboard in Resources */ = {isa = PBXBuildFile; fileRef = D7CCBF9527D8A0B9006C84C7 /* LaunchScreen.storyboard */; };
		D7CCBFAC27D8A0BA006C84C7 /* VehicleAppUITests.swift in Sources */ = {isa = PBXBuildFile; fileRef = D7CCBFAB27D8A0BA006C84C7 /* VehicleAppUITests.swift */; };
		D7CCBFAE27D8A0BA006C84C7 /* VehicleAppUITestsLaunchTests.swift in Sources */ = {isa = PBXBuildFile; fileRef = D7CCBFAD27D8A0BA006C84C7 /* VehicleAppUITestsLaunchTests.swift */; };
		D7CCBFC427D90CB1006C84C7 /* VehicleListViewTableViewController.swift in Sources */ = {isa = PBXBuildFile; fileRef = D7CCBFC327D90CB1006C84C7 /* VehicleListViewTableViewController.swift */; };
		D7CCBFC527D90CB1006C84C7 /* VehicleListViewTableViewController.swift in Sources */ = {isa = PBXBuildFile; fileRef = D7CCBFC327D90CB1006C84C7 /* VehicleListViewTableViewController.swift */; };
		D7CCBFC727D90CCC006C84C7 /* VehicleListTableViewCell.swift in Sources */ = {isa = PBXBuildFile; fileRef = D7CCBFC627D90CCC006C84C7 /* VehicleListTableViewCell.swift */; };
		D7CCBFC827D90CCC006C84C7 /* VehicleListTableViewCell.swift in Sources */ = {isa = PBXBuildFile; fileRef = D7CCBFC627D90CCC006C84C7 /* VehicleListTableViewCell.swift */; };
		D7CCBFCA27D9828E006C84C7 /* Vehicle.swift in Sources */ = {isa = PBXBuildFile; fileRef = D7CCBFC927D9828E006C84C7 /* Vehicle.swift */; };
		D7CCBFCB27D9828E006C84C7 /* Vehicle.swift in Sources */ = {isa = PBXBuildFile; fileRef = D7CCBFC927D9828E006C84C7 /* Vehicle.swift */; };
/* End PBXBuildFile section */

/* Begin PBXContainerItemProxy section */
		D7CCBF9E27D8A0BA006C84C7 /* PBXContainerItemProxy */ = {
			isa = PBXContainerItemProxy;
			containerPortal = D7CCBF7C27D8A0B4006C84C7 /* Project object */;
			proxyType = 1;
			remoteGlobalIDString = D7CCBF8327D8A0B4006C84C7;
			remoteInfo = VehicleApp;
		};
		D7CCBFA827D8A0BA006C84C7 /* PBXContainerItemProxy */ = {
			isa = PBXContainerItemProxy;
			containerPortal = D7CCBF7C27D8A0B4006C84C7 /* Project object */;
			proxyType = 1;
			remoteGlobalIDString = D7CCBF8327D8A0B4006C84C7;
			remoteInfo = VehicleApp;
		};
/* End PBXContainerItemProxy section */

/* Begin PBXFileReference section */
		D73D3CA127D9C88000D02C15 /* VehicleList.swift */ = {isa = PBXFileReference; lastKnownFileType = sourcecode.swift; path = VehicleList.swift; sourceTree = "<group>"; };
		D73D3CA427D9CD3700D02C15 /* VehicleViewModel.swift */ = {isa = PBXFileReference; lastKnownFileType = sourcecode.swift; path = VehicleViewModel.swift; sourceTree = "<group>"; };
		D73D3CAA27D9F8EE00D02C15 /* WebService.swift */ = {isa = PBXFileReference; lastKnownFileType = sourcecode.swift; path = WebService.swift; sourceTree = "<group>"; };
		D73D3CB327DB47FB00D02C15 /* VehicleListWebServiceTests.swift */ = {isa = PBXFileReference; lastKnownFileType = sourcecode.swift; path = VehicleListWebServiceTests.swift; sourceTree = "<group>"; };
		D73D3CB827DB4C1B00D02C15 /* MockURLProtocol.swift */ = {isa = PBXFileReference; lastKnownFileType = sourcecode.swift; path = MockURLProtocol.swift; sourceTree = "<group>"; };
		D73D3CBA27DB647A00D02C15 /* VehicleList.json */ = {isa = PBXFileReference; fileEncoding = 4; lastKnownFileType = text.json; path = VehicleList.json; sourceTree = "<group>"; };
		D73D3CBC27DB682C00D02C15 /* Helper.swift */ = {isa = PBXFileReference; lastKnownFileType = sourcecode.swift; path = Helper.swift; sourceTree = "<group>"; };
		D73D3CBE27DB743400D02C15 /* VehicleConstants.swift */ = {isa = PBXFileReference; lastKnownFileType = sourcecode.swift; path = VehicleConstants.swift; sourceTree = "<group>"; };
		D7CCBF8427D8A0B4006C84C7 /* VehicleApp.app */ = {isa = PBXFileReference; explicitFileType = wrapper.application; includeInIndex = 0; path = VehicleApp.app; sourceTree = BUILT_PRODUCTS_DIR; };
		D7CCBF8727D8A0B4006C84C7 /* AppDelegate.swift */ = {isa = PBXFileReference; lastKnownFileType = sourcecode.swift; path = AppDelegate.swift; sourceTree = "<group>"; };
		D7CCBF8927D8A0B4006C84C7 /* SceneDelegate.swift */ = {isa = PBXFileReference; lastKnownFileType = sourcecode.swift; path = SceneDelegate.swift; sourceTree = "<group>"; };
		D7CCBF8E27D8A0B4006C84C7 /* Base */ = {isa = PBXFileReference; lastKnownFileType = file.storyboard; name = Base; path = Base.lproj/Main.storyboard; sourceTree = "<group>"; };
		D7CCBF9127D8A0B4006C84C7 /* VehicleApp.xcdatamodel */ = {isa = PBXFileReference; lastKnownFileType = wrapper.xcdatamodel; path = VehicleApp.xcdatamodel; sourceTree = "<group>"; };
		D7CCBF9327D8A0B9006C84C7 /* Assets.xcassets */ = {isa = PBXFileReference; lastKnownFileType = folder.assetcatalog; path = Assets.xcassets; sourceTree = "<group>"; };
		D7CCBF9627D8A0B9006C84C7 /* Base */ = {isa = PBXFileReference; lastKnownFileType = file.storyboard; name = Base; path = Base.lproj/LaunchScreen.storyboard; sourceTree = "<group>"; };
		D7CCBF9827D8A0B9006C84C7 /* Info.plist */ = {isa = PBXFileReference; lastKnownFileType = text.plist.xml; path = Info.plist; sourceTree = "<group>"; };
		D7CCBF9D27D8A0BA006C84C7 /* VehicleAppTests.xctest */ = {isa = PBXFileReference; explicitFileType = wrapper.cfbundle; includeInIndex = 0; path = VehicleAppTests.xctest; sourceTree = BUILT_PRODUCTS_DIR; };
		D7CCBFA727D8A0BA006C84C7 /* VehicleAppUITests.xctest */ = {isa = PBXFileReference; explicitFileType = wrapper.cfbundle; includeInIndex = 0; path = VehicleAppUITests.xctest; sourceTree = BUILT_PRODUCTS_DIR; };
		D7CCBFAB27D8A0BA006C84C7 /* VehicleAppUITests.swift */ = {isa = PBXFileReference; lastKnownFileType = sourcecode.swift; path = VehicleAppUITests.swift; sourceTree = "<group>"; };
		D7CCBFAD27D8A0BA006C84C7 /* VehicleAppUITestsLaunchTests.swift */ = {isa = PBXFileReference; lastKnownFileType = sourcecode.swift; path = VehicleAppUITestsLaunchTests.swift; sourceTree = "<group>"; };
		D7CCBFC327D90CB1006C84C7 /* VehicleListViewTableViewController.swift */ = {isa = PBXFileReference; lastKnownFileType = sourcecode.swift; path = VehicleListViewTableViewController.swift; sourceTree = "<group>"; };
		D7CCBFC627D90CCC006C84C7 /* VehicleListTableViewCell.swift */ = {isa = PBXFileReference; lastKnownFileType = sourcecode.swift; path = VehicleListTableViewCell.swift; sourceTree = "<group>"; };
		D7CCBFC927D9828E006C84C7 /* Vehicle.swift */ = {isa = PBXFileReference; lastKnownFileType = sourcecode.swift; path = Vehicle.swift; sourceTree = "<group>"; };
/* End PBXFileReference section */

/* Begin PBXFrameworksBuildPhase section */
		D7CCBF8127D8A0B4006C84C7 /* Frameworks */ = {
			isa = PBXFrameworksBuildPhase;
			buildActionMask = 2147483647;
			files = (
			);
			runOnlyForDeploymentPostprocessing = 0;
		};
		D7CCBF9A27D8A0BA006C84C7 /* Frameworks */ = {
			isa = PBXFrameworksBuildPhase;
			buildActionMask = 2147483647;
			files = (
			);
			runOnlyForDeploymentPostprocessing = 0;
		};
		D7CCBFA427D8A0BA006C84C7 /* Frameworks */ = {
			isa = PBXFrameworksBuildPhase;
			buildActionMask = 2147483647;
			files = (
			);
			runOnlyForDeploymentPostprocessing = 0;
		};
/* End PBXFrameworksBuildPhase section */

/* Begin PBXGroup section */
		D73D3CB527DB4BA100D02C15 /* Network */ = {
			isa = PBXGroup;
			children = (
				D73D3CB327DB47FB00D02C15 /* VehicleListWebServiceTests.swift */,
			);
			path = Network;
			sourceTree = "<group>";
		};
		D73D3CB627DB4BD600D02C15 /* Vehicle */ = {
			isa = PBXGroup;
			children = (
				D73D3CB527DB4BA100D02C15 /* Network */,
				D73D3CB727DB4BE900D02C15 /* Models */,
			);
			path = Vehicle;
			sourceTree = "<group>";
		};
		D73D3CB727DB4BE900D02C15 /* Models */ = {
			isa = PBXGroup;
			children = (
				D73D3CB827DB4C1B00D02C15 /* MockURLProtocol.swift */,
			);
			path = Models;
			sourceTree = "<group>";
		};
		D7CCBF7B27D8A0B4006C84C7 = {
			isa = PBXGroup;
			children = (
				D7CCBF8627D8A0B4006C84C7 /* VehicleApp */,
				D7CCBFA027D8A0BA006C84C7 /* VehicleAppTests */,
				D7CCBFAA27D8A0BA006C84C7 /* VehicleAppUITests */,
				D7CCBF8527D8A0B4006C84C7 /* Products */,
			);
			sourceTree = "<group>";
		};
		D7CCBF8527D8A0B4006C84C7 /* Products */ = {
			isa = PBXGroup;
			children = (
				D7CCBF8427D8A0B4006C84C7 /* VehicleApp.app */,
				D7CCBF9D27D8A0BA006C84C7 /* VehicleAppTests.xctest */,
				D7CCBFA727D8A0BA006C84C7 /* VehicleAppUITests.xctest */,
			);
			name = Products;
			sourceTree = "<group>";
		};
		D7CCBF8627D8A0B4006C84C7 /* VehicleApp */ = {
			isa = PBXGroup;
			children = (
				D7CCBFBA27D8A3AF006C84C7 /* Controller */,
				D7CCBFBB27D8B31F006C84C7 /* View */,
				D7CCBFBC27D8B343006C84C7 /* ViewModel */,
				D7CCBFBD27D8B370006C84C7 /* Model */,
				D7CCBFBE27D8B393006C84C7 /* Resources */,
				D7CCBFBF27D8B3A5006C84C7 /* SupportingFiles */,
				D7CCBFC027D8B3B5006C84C7 /* Utils */,
				D7CCBFC127D8B3C2006C84C7 /* Business */,
				D7CCBFC227D8B3DF006C84C7 /* Network */,
				D7CCBF8727D8A0B4006C84C7 /* AppDelegate.swift */,
				D7CCBF8927D8A0B4006C84C7 /* SceneDelegate.swift */,
				D7CCBF9827D8A0B9006C84C7 /* Info.plist */,
				D7CCBF9027D8A0B4006C84C7 /* VehicleApp.xcdatamodeld */,
			);
			path = VehicleApp;
			sourceTree = "<group>";
		};
		D7CCBFA027D8A0BA006C84C7 /* VehicleAppTests */ = {
			isa = PBXGroup;
			children = (
				D73D3CB627DB4BD600D02C15 /* Vehicle */,
			);
			path = VehicleAppTests;
			sourceTree = "<group>";
		};
		D7CCBFAA27D8A0BA006C84C7 /* VehicleAppUITests */ = {
			isa = PBXGroup;
			children = (
				D7CCBFAB27D8A0BA006C84C7 /* VehicleAppUITests.swift */,
				D7CCBFAD27D8A0BA006C84C7 /* VehicleAppUITestsLaunchTests.swift */,
			);
			path = VehicleAppUITests;
			sourceTree = "<group>";
		};
		D7CCBFBA27D8A3AF006C84C7 /* Controller */ = {
			isa = PBXGroup;
			children = (
				D7CCBFC327D90CB1006C84C7 /* VehicleListViewTableViewController.swift */,
				D7CCBFC627D90CCC006C84C7 /* VehicleListTableViewCell.swift */,
			);
			path = Controller;
			sourceTree = "<group>";
		};
		D7CCBFBB27D8B31F006C84C7 /* View */ = {
			isa = PBXGroup;
			children = (
				D7CCBF8D27D8A0B4006C84C7 /* Main.storyboard */,
			);
			path = View;
			sourceTree = "<group>";
		};
		D7CCBFBC27D8B343006C84C7 /* ViewModel */ = {
			isa = PBXGroup;
			children = (
				D73D3CA427D9CD3700D02C15 /* VehicleViewModel.swift */,
			);
			path = ViewModel;
			sourceTree = "<group>";
		};
		D7CCBFBD27D8B370006C84C7 /* Model */ = {
			isa = PBXGroup;
			children = (
				D7CCBFC927D9828E006C84C7 /* Vehicle.swift */,
				D73D3CA127D9C88000D02C15 /* VehicleList.swift */,
			);
			path = Model;
			sourceTree = "<group>";
		};
		D7CCBFBE27D8B393006C84C7 /* Resources */ = {
			isa = PBXGroup;
			children = (
				D73D3CBA27DB647A00D02C15 /* VehicleList.json */,
				D7CCBF9327D8A0B9006C84C7 /* Assets.xcassets */,
				D7CCBF9527D8A0B9006C84C7 /* LaunchScreen.storyboard */,
			);
			path = Resources;
			sourceTree = "<group>";
		};
		D7CCBFBF27D8B3A5006C84C7 /* SupportingFiles */ = {
			isa = PBXGroup;
			children = (
			);
			path = SupportingFiles;
			sourceTree = "<group>";
		};
		D7CCBFC027D8B3B5006C84C7 /* Utils */ = {
			isa = PBXGroup;
			children = (
				D73D3CBE27DB743400D02C15 /* VehicleConstants.swift */,
				D73D3CBC27DB682C00D02C15 /* Helper.swift */,
			);
			path = Utils;
			sourceTree = "<group>";
		};
		D7CCBFC127D8B3C2006C84C7 /* Business */ = {
			isa = PBXGroup;
			children = (
			);
			path = Business;
			sourceTree = "<group>";
		};
		D7CCBFC227D8B3DF006C84C7 /* Network */ = {
			isa = PBXGroup;
			children = (
				D73D3CAA27D9F8EE00D02C15 /* WebService.swift */,
			);
			path = Network;
			sourceTree = "<group>";
		};
/* End PBXGroup section */

/* Begin PBXNativeTarget section */
		D7CCBF8327D8A0B4006C84C7 /* VehicleApp */ = {
			isa = PBXNativeTarget;
			buildConfigurationList = D7CCBFB127D8A0BA006C84C7 /* Build configuration list for PBXNativeTarget "VehicleApp" */;
			buildPhases = (
				D7CCBF8027D8A0B4006C84C7 /* Sources */,
				D7CCBF8127D8A0B4006C84C7 /* Frameworks */,
				D7CCBF8227D8A0B4006C84C7 /* Resources */,
			);
			buildRules = (
			);
			dependencies = (
			);
			name = VehicleApp;
			productName = VehicleApp;
			productReference = D7CCBF8427D8A0B4006C84C7 /* VehicleApp.app */;
			productType = "com.apple.product-type.application";
		};
		D7CCBF9C27D8A0BA006C84C7 /* VehicleAppTests */ = {
			isa = PBXNativeTarget;
			buildConfigurationList = D7CCBFB427D8A0BA006C84C7 /* Build configuration list for PBXNativeTarget "VehicleAppTests" */;
			buildPhases = (
				D7CCBF9927D8A0BA006C84C7 /* Sources */,
				D7CCBF9A27D8A0BA006C84C7 /* Frameworks */,
				D7CCBF9B27D8A0BA006C84C7 /* Resources */,
			);
			buildRules = (
			);
			dependencies = (
				D7CCBF9F27D8A0BA006C84C7 /* PBXTargetDependency */,
			);
			name = VehicleAppTests;
			productName = VehicleAppTests;
			productReference = D7CCBF9D27D8A0BA006C84C7 /* VehicleAppTests.xctest */;
			productType = "com.apple.product-type.bundle.unit-test";
		};
		D7CCBFA627D8A0BA006C84C7 /* VehicleAppUITests */ = {
			isa = PBXNativeTarget;
			buildConfigurationList = D7CCBFB727D8A0BA006C84C7 /* Build configuration list for PBXNativeTarget "VehicleAppUITests" */;
			buildPhases = (
				D7CCBFA327D8A0BA006C84C7 /* Sources */,
				D7CCBFA427D8A0BA006C84C7 /* Frameworks */,
				D7CCBFA527D8A0BA006C84C7 /* Resources */,
			);
			buildRules = (
			);
			dependencies = (
				D7CCBFA927D8A0BA006C84C7 /* PBXTargetDependency */,
			);
			name = VehicleAppUITests;
			productName = VehicleAppUITests;
			productReference = D7CCBFA727D8A0BA006C84C7 /* VehicleAppUITests.xctest */;
			productType = "com.apple.product-type.bundle.ui-testing";
		};
/* End PBXNativeTarget section */

/* Begin PBXProject section */
		D7CCBF7C27D8A0B4006C84C7 /* Project object */ = {
			isa = PBXProject;
			attributes = {
				BuildIndependentTargetsInParallel = 1;
				LastSwiftUpdateCheck = 1320;
				LastUpgradeCheck = 1320;
				TargetAttributes = {
					D7CCBF8327D8A0B4006C84C7 = {
						CreatedOnToolsVersion = 13.2;
					};
					D7CCBF9C27D8A0BA006C84C7 = {
						CreatedOnToolsVersion = 13.2;
						TestTargetID = D7CCBF8327D8A0B4006C84C7;
					};
					D7CCBFA627D8A0BA006C84C7 = {
						CreatedOnToolsVersion = 13.2;
						TestTargetID = D7CCBF8327D8A0B4006C84C7;
					};
				};
			};
			buildConfigurationList = D7CCBF7F27D8A0B4006C84C7 /* Build configuration list for PBXProject "VehicleApp" */;
			compatibilityVersion = "Xcode 13.0";
			developmentRegion = en;
			hasScannedForEncodings = 0;
			knownRegions = (
				en,
				Base,
			);
			mainGroup = D7CCBF7B27D8A0B4006C84C7;
			productRefGroup = D7CCBF8527D8A0B4006C84C7 /* Products */;
			projectDirPath = "";
			projectRoot = "";
			targets = (
				D7CCBF8327D8A0B4006C84C7 /* VehicleApp */,
				D7CCBF9C27D8A0BA006C84C7 /* VehicleAppTests */,
				D7CCBFA627D8A0BA006C84C7 /* VehicleAppUITests */,
			);
		};
/* End PBXProject section */

/* Begin PBXResourcesBuildPhase section */
		D7CCBF8227D8A0B4006C84C7 /* Resources */ = {
			isa = PBXResourcesBuildPhase;
			buildActionMask = 2147483647;
			files = (
				D73D3CBB27DB647B00D02C15 /* VehicleList.json in Resources */,
				D7CCBF9727D8A0B9006C84C7 /* LaunchScreen.storyboard in Resources */,
				D7CCBF9427D8A0B9006C84C7 /* Assets.xcassets in Resources */,
				D7CCBF8F27D8A0B4006C84C7 /* Main.storyboard in Resources */,
			);
			runOnlyForDeploymentPostprocessing = 0;
		};
		D7CCBF9B27D8A0BA006C84C7 /* Resources */ = {
			isa = PBXResourcesBuildPhase;
			buildActionMask = 2147483647;
			files = (
			);
			runOnlyForDeploymentPostprocessing = 0;
		};
		D7CCBFA527D8A0BA006C84C7 /* Resources */ = {
			isa = PBXResourcesBuildPhase;
			buildActionMask = 2147483647;
			files = (
			);
			runOnlyForDeploymentPostprocessing = 0;
		};
/* End PBXResourcesBuildPhase section */

/* Begin PBXSourcesBuildPhase section */
		D7CCBF8027D8A0B4006C84C7 /* Sources */ = {
			isa = PBXSourcesBuildPhase;
			buildActionMask = 2147483647;
			files = (
				D73D3CA227D9C88000D02C15 /* VehicleList.swift in Sources */,
				D7CCBFC727D90CCC006C84C7 /* VehicleListTableViewCell.swift in Sources */,
				D7CCBFC427D90CB1006C84C7 /* VehicleListViewTableViewController.swift in Sources */,
				D7CCBF9227D8A0B4006C84C7 /* VehicleApp.xcdatamodeld in Sources */,
				D73D3CA527D9CD3700D02C15 /* VehicleViewModel.swift in Sources */,
				D73D3CBF27DB743400D02C15 /* VehicleConstants.swift in Sources */,
				D7CCBFCA27D9828E006C84C7 /* Vehicle.swift in Sources */,
				D73D3CBD27DB682D00D02C15 /* Helper.swift in Sources */,
				D7CCBF8827D8A0B4006C84C7 /* AppDelegate.swift in Sources */,
				D73D3CAB27D9F8EE00D02C15 /* WebService.swift in Sources */,
				D7CCBF8A27D8A0B4006C84C7 /* SceneDelegate.swift in Sources */,
			);
			runOnlyForDeploymentPostprocessing = 0;
		};
		D7CCBF9927D8A0BA006C84C7 /* Sources */ = {
			isa = PBXSourcesBuildPhase;
			buildActionMask = 2147483647;
			files = (
				D7CCBFCB27D9828E006C84C7 /* Vehicle.swift in Sources */,
				D73D3CA627D9CD3700D02C15 /* VehicleViewModel.swift in Sources */,
				D73D3CAC27D9F8EE00D02C15 /* WebService.swift in Sources */,
				D73D3CB927DB4C1B00D02C15 /* MockURLProtocol.swift in Sources */,
				D73D3CB427DB47FB00D02C15 /* VehicleListWebServiceTests.swift in Sources */,
				D7CCBFC827D90CCC006C84C7 /* VehicleListTableViewCell.swift in Sources */,
				D7CCBFC527D90CB1006C84C7 /* VehicleListViewTableViewController.swift in Sources */,
				D73D3CA327D9C88000D02C15 /* VehicleList.swift in Sources */,
			);
			runOnlyForDeploymentPostprocessing = 0;
		};
		D7CCBFA327D8A0BA006C84C7 /* Sources */ = {
			isa = PBXSourcesBuildPhase;
			buildActionMask = 2147483647;
			files = (
				D7CCBFAC27D8A0BA006C84C7 /* VehicleAppUITests.swift in Sources */,
				D7CCBFAE27D8A0BA006C84C7 /* VehicleAppUITestsLaunchTests.swift in Sources */,
			);
			runOnlyForDeploymentPostprocessing = 0;
		};
/* End PBXSourcesBuildPhase section */

/* Begin PBXTargetDependency section */
		D7CCBF9F27D8A0BA006C84C7 /* PBXTargetDependency */ = {
			isa = PBXTargetDependency;
			target = D7CCBF8327D8A0B4006C84C7 /* VehicleApp */;
			targetProxy = D7CCBF9E27D8A0BA006C84C7 /* PBXContainerItemProxy */;
		};
		D7CCBFA927D8A0BA006C84C7 /* PBXTargetDependency */ = {
			isa = PBXTargetDependency;
			target = D7CCBF8327D8A0B4006C84C7 /* VehicleApp */;
			targetProxy = D7CCBFA827D8A0BA006C84C7 /* PBXContainerItemProxy */;
		};
/* End PBXTargetDependency section */

/* Begin PBXVariantGroup section */
		D7CCBF8D27D8A0B4006C84C7 /* Main.storyboard */ = {
			isa = PBXVariantGroup;
			children = (
				D7CCBF8E27D8A0B4006C84C7 /* Base */,
			);
			name = Main.storyboard;
			sourceTree = "<group>";
		};
		D7CCBF9527D8A0B9006C84C7 /* LaunchScreen.storyboard */ = {
			isa = PBXVariantGroup;
			children = (
				D7CCBF9627D8A0B9006C84C7 /* Base */,
			);
			name = LaunchScreen.storyboard;
			sourceTree = "<group>";
		};
/* End PBXVariantGroup section */

/* Begin XCBuildConfiguration section */
		D7CCBFAF27D8A0BA006C84C7 /* Debug */ = {
			isa = XCBuildConfiguration;
			buildSettings = {
				ALWAYS_SEARCH_USER_PATHS = NO;
				CLANG_ANALYZER_NONNULL = YES;
				CLANG_ANALYZER_NUMBER_OBJECT_CONVERSION = YES_AGGRESSIVE;
				CLANG_CXX_LANGUAGE_STANDARD = "gnu++17";
				CLANG_CXX_LIBRARY = "libc++";
				CLANG_ENABLE_MODULES = YES;
				CLANG_ENABLE_OBJC_ARC = YES;
				CLANG_ENABLE_OBJC_WEAK = YES;
				CLANG_WARN_BLOCK_CAPTURE_AUTORELEASING = YES;
				CLANG_WARN_BOOL_CONVERSION = YES;
				CLANG_WARN_COMMA = YES;
				CLANG_WARN_CONSTANT_CONVERSION = YES;
				CLANG_WARN_DEPRECATED_OBJC_IMPLEMENTATIONS = YES;
				CLANG_WARN_DIRECT_OBJC_ISA_USAGE = YES_ERROR;
				CLANG_WARN_DOCUMENTATION_COMMENTS = YES;
				CLANG_WARN_EMPTY_BODY = YES;
				CLANG_WARN_ENUM_CONVERSION = YES;
				CLANG_WARN_INFINITE_RECURSION = YES;
				CLANG_WARN_INT_CONVERSION = YES;
				CLANG_WARN_NON_LITERAL_NULL_CONVERSION = YES;
				CLANG_WARN_OBJC_IMPLICIT_RETAIN_SELF = YES;
				CLANG_WARN_OBJC_LITERAL_CONVERSION = YES;
				CLANG_WARN_OBJC_ROOT_CLASS = YES_ERROR;
				CLANG_WARN_QUOTED_INCLUDE_IN_FRAMEWORK_HEADER = YES;
				CLANG_WARN_RANGE_LOOP_ANALYSIS = YES;
				CLANG_WARN_STRICT_PROTOTYPES = YES;
				CLANG_WARN_SUSPICIOUS_MOVE = YES;
				CLANG_WARN_UNGUARDED_AVAILABILITY = YES_AGGRESSIVE;
				CLANG_WARN_UNREACHABLE_CODE = YES;
				CLANG_WARN__DUPLICATE_METHOD_MATCH = YES;
				COPY_PHASE_STRIP = NO;
				DEBUG_INFORMATION_FORMAT = dwarf;
				ENABLE_STRICT_OBJC_MSGSEND = YES;
				ENABLE_TESTABILITY = YES;
				GCC_C_LANGUAGE_STANDARD = gnu11;
				GCC_DYNAMIC_NO_PIC = NO;
				GCC_NO_COMMON_BLOCKS = YES;
				GCC_OPTIMIZATION_LEVEL = 0;
				GCC_PREPROCESSOR_DEFINITIONS = (
					"DEBUG=1",
					"$(inherited)",
				);
				GCC_WARN_64_TO_32_BIT_CONVERSION = YES;
				GCC_WARN_ABOUT_RETURN_TYPE = YES_ERROR;
				GCC_WARN_UNDECLARED_SELECTOR = YES;
				GCC_WARN_UNINITIALIZED_AUTOS = YES_AGGRESSIVE;
				GCC_WARN_UNUSED_FUNCTION = YES;
				GCC_WARN_UNUSED_VARIABLE = YES;
				IPHONEOS_DEPLOYMENT_TARGET = 15.2;
				MTL_ENABLE_DEBUG_INFO = INCLUDE_SOURCE;
				MTL_FAST_MATH = YES;
				ONLY_ACTIVE_ARCH = YES;
				SDKROOT = iphoneos;
				SWIFT_ACTIVE_COMPILATION_CONDITIONS = DEBUG;
				SWIFT_OPTIMIZATION_LEVEL = "-Onone";
			};
			name = Debug;
		};
		D7CCBFB027D8A0BA006C84C7 /* Release */ = {
			isa = XCBuildConfiguration;
			buildSettings = {
				ALWAYS_SEARCH_USER_PATHS = NO;
				CLANG_ANALYZER_NONNULL = YES;
				CLANG_ANALYZER_NUMBER_OBJECT_CONVERSION = YES_AGGRESSIVE;
				CLANG_CXX_LANGUAGE_STANDARD = "gnu++17";
				CLANG_CXX_LIBRARY = "libc++";
				CLANG_ENABLE_MODULES = YES;
				CLANG_ENABLE_OBJC_ARC = YES;
				CLANG_ENABLE_OBJC_WEAK = YES;
				CLANG_WARN_BLOCK_CAPTURE_AUTORELEASING = YES;
				CLANG_WARN_BOOL_CONVERSION = YES;
				CLANG_WARN_COMMA = YES;
				CLANG_WARN_CONSTANT_CONVERSION = YES;
				CLANG_WARN_DEPRECATED_OBJC_IMPLEMENTATIONS = YES;
				CLANG_WARN_DIRECT_OBJC_ISA_USAGE = YES_ERROR;
				CLANG_WARN_DOCUMENTATION_COMMENTS = YES;
				CLANG_WARN_EMPTY_BODY = YES;
				CLANG_WARN_ENUM_CONVERSION = YES;
				CLANG_WARN_INFINITE_RECURSION = YES;
				CLANG_WARN_INT_CONVERSION = YES;
				CLANG_WARN_NON_LITERAL_NULL_CONVERSION = YES;
				CLANG_WARN_OBJC_IMPLICIT_RETAIN_SELF = YES;
				CLANG_WARN_OBJC_LITERAL_CONVERSION = YES;
				CLANG_WARN_OBJC_ROOT_CLASS = YES_ERROR;
				CLANG_WARN_QUOTED_INCLUDE_IN_FRAMEWORK_HEADER = YES;
				CLANG_WARN_RANGE_LOOP_ANALYSIS = YES;
				CLANG_WARN_STRICT_PROTOTYPES = YES;
				CLANG_WARN_SUSPICIOUS_MOVE = YES;
				CLANG_WARN_UNGUARDED_AVAILABILITY = YES_AGGRESSIVE;
				CLANG_WARN_UNREACHABLE_CODE = YES;
				CLANG_WARN__DUPLICATE_METHOD_MATCH = YES;
				COPY_PHASE_STRIP = NO;
				DEBUG_INFORMATION_FORMAT = "dwarf-with-dsym";
				ENABLE_NS_ASSERTIONS = NO;
				ENABLE_STRICT_OBJC_MSGSEND = YES;
				GCC_C_LANGUAGE_STANDARD = gnu11;
				GCC_NO_COMMON_BLOCKS = YES;
				GCC_WARN_64_TO_32_BIT_CONVERSION = YES;
				GCC_WARN_ABOUT_RETURN_TYPE = YES_ERROR;
				GCC_WARN_UNDECLARED_SELECTOR = YES;
				GCC_WARN_UNINITIALIZED_AUTOS = YES_AGGRESSIVE;
				GCC_WARN_UNUSED_FUNCTION = YES;
				GCC_WARN_UNUSED_VARIABLE = YES;
				IPHONEOS_DEPLOYMENT_TARGET = 15.2;
				MTL_ENABLE_DEBUG_INFO = NO;
				MTL_FAST_MATH = YES;
				SDKROOT = iphoneos;
				SWIFT_COMPILATION_MODE = wholemodule;
				SWIFT_OPTIMIZATION_LEVEL = "-O";
				VALIDATE_PRODUCT = YES;
			};
			name = Release;
		};
		D7CCBFB227D8A0BA006C84C7 /* Debug */ = {
			isa = XCBuildConfiguration;
			buildSettings = {
				ASSETCATALOG_COMPILER_APPICON_NAME = AppIcon;
				ASSETCATALOG_COMPILER_GLOBAL_ACCENT_COLOR_NAME = AccentColor;
				CODE_SIGN_STYLE = Automatic;
				CURRENT_PROJECT_VERSION = 1;
				GENERATE_INFOPLIST_FILE = YES;
				INFOPLIST_FILE = VehicleApp/Info.plist;
				INFOPLIST_KEY_UIApplicationSupportsIndirectInputEvents = YES;
				INFOPLIST_KEY_UILaunchStoryboardName = LaunchScreen;
				INFOPLIST_KEY_UIMainStoryboardFile = Main;
				INFOPLIST_KEY_UISupportedInterfaceOrientations_iPad = "UIInterfaceOrientationPortrait UIInterfaceOrientationPortraitUpsideDown UIInterfaceOrientationLandscapeLeft UIInterfaceOrientationLandscapeRight";
				INFOPLIST_KEY_UISupportedInterfaceOrientations_iPhone = "UIInterfaceOrientationPortrait UIInterfaceOrientationLandscapeLeft UIInterfaceOrientationLandscapeRight";
				LD_RUNPATH_SEARCH_PATHS = (
					"$(inherited)",
					"@executable_path/Frameworks",
				);
				MARKETING_VERSION = 1.0;
				PRODUCT_BUNDLE_IDENTIFIER = com.study.VehicleApp;
				PRODUCT_NAME = "$(TARGET_NAME)";
				SWIFT_EMIT_LOC_STRINGS = YES;
				SWIFT_VERSION = 5.0;
				TARGETED_DEVICE_FAMILY = "1,2";
			};
			name = Debug;
		};
		D7CCBFB327D8A0BA006C84C7 /* Release */ = {
			isa = XCBuildConfiguration;
			buildSettings = {
				ASSETCATALOG_COMPILER_APPICON_NAME = AppIcon;
				ASSETCATALOG_COMPILER_GLOBAL_ACCENT_COLOR_NAME = AccentColor;
				CODE_SIGN_STYLE = Automatic;
				CURRENT_PROJECT_VERSION = 1;
				GENERATE_INFOPLIST_FILE = YES;
				INFOPLIST_FILE = VehicleApp/Info.plist;
				INFOPLIST_KEY_UIApplicationSupportsIndirectInputEvents = YES;
				INFOPLIST_KEY_UILaunchStoryboardName = LaunchScreen;
				INFOPLIST_KEY_UIMainStoryboardFile = Main;
				INFOPLIST_KEY_UISupportedInterfaceOrientations_iPad = "UIInterfaceOrientationPortrait UIInterfaceOrientationPortraitUpsideDown UIInterfaceOrientationLandscapeLeft UIInterfaceOrientationLandscapeRight";
				INFOPLIST_KEY_UISupportedInterfaceOrientations_iPhone = "UIInterfaceOrientationPortrait UIInterfaceOrientationLandscapeLeft UIInterfaceOrientationLandscapeRight";
				LD_RUNPATH_SEARCH_PATHS = (
					"$(inherited)",
					"@executable_path/Frameworks",
				);
				MARKETING_VERSION = 1.0;
				PRODUCT_BUNDLE_IDENTIFIER = com.study.VehicleApp;
				PRODUCT_NAME = "$(TARGET_NAME)";
				SWIFT_EMIT_LOC_STRINGS = YES;
				SWIFT_VERSION = 5.0;
				TARGETED_DEVICE_FAMILY = "1,2";
			};
			name = Release;
		};
		D7CCBFB527D8A0BA006C84C7 /* Debug */ = {
			isa = XCBuildConfiguration;
			buildSettings = {
				ALWAYS_EMBED_SWIFT_STANDARD_LIBRARIES = YES;
				BUNDLE_LOADER = "$(TEST_HOST)";
				CODE_SIGN_STYLE = Automatic;
				CURRENT_PROJECT_VERSION = 1;
				GENERATE_INFOPLIST_FILE = YES;
				IPHONEOS_DEPLOYMENT_TARGET = 15.2;
				MARKETING_VERSION = 1.0;
				PRODUCT_BUNDLE_IDENTIFIER = com.study.VehicleAppTests;
				PRODUCT_NAME = "$(TARGET_NAME)";
				SWIFT_EMIT_LOC_STRINGS = NO;
				SWIFT_VERSION = 5.0;
				TARGETED_DEVICE_FAMILY = "1,2";
				TEST_HOST = "$(BUILT_PRODUCTS_DIR)/VehicleApp.app/VehicleApp";
			};
			name = Debug;
		};
		D7CCBFB627D8A0BA006C84C7 /* Release */ = {
			isa = XCBuildConfiguration;
			buildSettings = {
				ALWAYS_EMBED_SWIFT_STANDARD_LIBRARIES = YES;
				BUNDLE_LOADER = "$(TEST_HOST)";
				CODE_SIGN_STYLE = Automatic;
				CURRENT_PROJECT_VERSION = 1;
				GENERATE_INFOPLIST_FILE = YES;
				IPHONEOS_DEPLOYMENT_TARGET = 15.2;
				MARKETING_VERSION = 1.0;
				PRODUCT_BUNDLE_IDENTIFIER = com.study.VehicleAppTests;
				PRODUCT_NAME = "$(TARGET_NAME)";
				SWIFT_EMIT_LOC_STRINGS = NO;
				SWIFT_VERSION = 5.0;
				TARGETED_DEVICE_FAMILY = "1,2";
				TEST_HOST = "$(BUILT_PRODUCTS_DIR)/VehicleApp.app/VehicleApp";
			};
			name = Release;
		};
		D7CCBFB827D8A0BA006C84C7 /* Debug */ = {
			isa = XCBuildConfiguration;
			buildSettings = {
				ALWAYS_EMBED_SWIFT_STANDARD_LIBRARIES = YES;
				CODE_SIGN_STYLE = Automatic;
				CURRENT_PROJECT_VERSION = 1;
				GENERATE_INFOPLIST_FILE = YES;
				MARKETING_VERSION = 1.0;
				PRODUCT_BUNDLE_IDENTIFIER = com.study.VehicleAppUITests;
				PRODUCT_NAME = "$(TARGET_NAME)";
				SWIFT_EMIT_LOC_STRINGS = NO;
				SWIFT_VERSION = 5.0;
				TARGETED_DEVICE_FAMILY = "1,2";
				TEST_TARGET_NAME = VehicleApp;
			};
			name = Debug;
		};
		D7CCBFB927D8A0BA006C84C7 /* Release */ = {
			isa = XCBuildConfiguration;
			buildSettings = {
				ALWAYS_EMBED_SWIFT_STANDARD_LIBRARIES = YES;
				CODE_SIGN_STYLE = Automatic;
				CURRENT_PROJECT_VERSION = 1;
				GENERATE_INFOPLIST_FILE = YES;
				MARKETING_VERSION = 1.0;
				PRODUCT_BUNDLE_IDENTIFIER = com.study.VehicleAppUITests;
				PRODUCT_NAME = "$(TARGET_NAME)";
				SWIFT_EMIT_LOC_STRINGS = NO;
				SWIFT_VERSION = 5.0;
				TARGETED_DEVICE_FAMILY = "1,2";
				TEST_TARGET_NAME = VehicleApp;
			};
			name = Release;
		};
/* End XCBuildConfiguration section */

/* Begin XCConfigurationList section */
		D7CCBF7F27D8A0B4006C84C7 /* Build configuration list for PBXProject "VehicleApp" */ = {
			isa = XCConfigurationList;
			buildConfigurations = (
				D7CCBFAF27D8A0BA006C84C7 /* Debug */,
				D7CCBFB027D8A0BA006C84C7 /* Release */,
			);
			defaultConfigurationIsVisible = 0;
			defaultConfigurationName = Release;
		};
		D7CCBFB127D8A0BA006C84C7 /* Build configuration list for PBXNativeTarget "VehicleApp" */ = {
			isa = XCConfigurationList;
			buildConfigurations = (
				D7CCBFB227D8A0BA006C84C7 /* Debug */,
				D7CCBFB327D8A0BA006C84C7 /* Release */,
			);
			defaultConfigurationIsVisible = 0;
			defaultConfigurationName = Release;
		};
		D7CCBFB427D8A0BA006C84C7 /* Build configuration list for PBXNativeTarget "VehicleAppTests" */ = {
			isa = XCConfigurationList;
			buildConfigurations = (
				D7CCBFB527D8A0BA006C84C7 /* Debug */,
				D7CCBFB627D8A0BA006C84C7 /* Release */,
			);
			defaultConfigurationIsVisible = 0;
			defaultConfigurationName = Release;
		};
		D7CCBFB727D8A0BA006C84C7 /* Build configuration list for PBXNativeTarget "VehicleAppUITests" */ = {
			isa = XCConfigurationList;
			buildConfigurations = (
				D7CCBFB827D8A0BA006C84C7 /* Debug */,
				D7CCBFB927D8A0BA006C84C7 /* Release */,
			);
			defaultConfigurationIsVisible = 0;
			defaultConfigurationName = Release;
		};
/* End XCConfigurationList section */

/* Begin XCVersionGroup section */
		D7CCBF9027D8A0B4006C84C7 /* VehicleApp.xcdatamodeld */ = {
			isa = XCVersionGroup;
			children = (
				D7CCBF9127D8A0B4006C84C7 /* VehicleApp.xcdatamodel */,
			);
			currentVersion = D7CCBF9127D8A0B4006C84C7 /* VehicleApp.xcdatamodel */;
			path = VehicleApp.xcdatamodeld;
			sourceTree = "<group>";
			versionGroupType = wrapper.xcdatamodel;
		};
/* End XCVersionGroup section */
	};
	rootObject = D7CCBF7C27D8A0B4006C84C7 /* Project object */;
}
